
Microsoft Visual Studio Solution File, Format Version 12.00
# Visual Studio Version 16
VisualStudioVersion = 16.0.30225.117
MinimumVisualStudioVersion = 10.0.40219.1
Project("{FAE04EC0-301F-11D3-BF4B-00C04F79EFBC}") = "GroupUp", "GroupUp\GroupUp.csproj", "{1182B0F2-08D7-4798-95C5-47F66F5F9C05}"
EndProject
Global
	GlobalSection(SolutionConfigurationPlatforms) = preSolution
		Debug|Any CPU = Debug|Any CPU
		Release|Any CPU = Release|Any CPU
	EndGlobalSection
	GlobalSection(ProjectConfigurationPlatforms) = postSolution
		{1182B0F2-08D7-4798-95C5-47F66F5F9C05}.Debug|Any CPU.ActiveCfg = Debug|Any CPU
		{1182B0F2-08D7-4798-95C5-47F66F5F9C05}.Debug|Any CPU.Build.0 = Debug|Any CPU
		{1182B0F2-08D7-4798-95C5-47F66F5F9C05}.Release|Any CPU.ActiveCfg = Release|Any CPU
		{1182B0F2-08D7-4798-95C5-47F66F5F9C05}.Release|Any CPU.Build.0 = Release|Any CPU
	EndGlobalSection
	GlobalSection(SolutionProperties) = preSolution
		HideSolutionNode = FALSE
	EndGlobalSection
	GlobalSection(ExtensibilityGlobals) = postSolution
		SolutionGuid = {DBA4B74D-0C06-4C3A-9BF8-355499B9CAAA}
	EndGlobalSection
EndGlobal
